
Microsoft Visual Studio Solution File, Format Version 12.00
# Visual Studio 15
VisualStudioVersion = 15.0.27428.2002
MinimumVisualStudioVersion = 10.0.40219.1
Project("{FAE04EC0-301F-11D3-BF4B-00C04F79EFBC}") = "Challenge", "Challenge\Challenge.csproj", "{00787680-B933-4EA4-8AD7-0A64BD79346E}"
EndProject
Project("{FAE04EC0-301F-11D3-BF4B-00C04F79EFBC}") = "Challenge.Tests", "Challenge.Tests\Challenge.Tests.csproj", "{6A41A535-3FD2-4B7A-BA75-B13295274433}"
EndProject
Global
	GlobalSection(SolutionConfigurationPlatforms) = preSolution
		Debug|Any CPU = Debug|Any CPU
		Release|Any CPU = Release|Any CPU
	EndGlobalSection
	GlobalSection(ProjectConfigurationPlatforms) = postSolution
		{00787680-B933-4EA4-8AD7-0A64BD79346E}.Debug|Any CPU.ActiveCfg = Debug|Any CPU
		{00787680-B933-4EA4-8AD7-0A64BD79346E}.Debug|Any CPU.Build.0 = Debug|Any CPU
		{00787680-B933-4EA4-8AD7-0A64BD79346E}.Release|Any CPU.ActiveCfg = Release|Any CPU
		{00787680-B933-4EA4-8AD7-0A64BD79346E}.Release|Any CPU.Build.0 = Release|Any CPU
		{6A41A535-3FD2-4B7A-BA75-B13295274433}.Debug|Any CPU.ActiveCfg = Debug|Any CPU
		{6A41A535-3FD2-4B7A-BA75-B13295274433}.Debug|Any CPU.Build.0 = Debug|Any CPU
		{6A41A535-3FD2-4B7A-BA75-B13295274433}.Release|Any CPU.ActiveCfg = Release|Any CPU
		{6A41A535-3FD2-4B7A-BA75-B13295274433}.Release|Any CPU.Build.0 = Release|Any CPU
	EndGlobalSection
	GlobalSection(SolutionProperties) = preSolution
		HideSolutionNode = FALSE
	EndGlobalSection
	GlobalSection(ExtensibilityGlobals) = postSolution
		SolutionGuid = {FB56909A-D9F1-48EF-BE02-AEE89FCCB3BF}
	EndGlobalSection
EndGlobal
